
Microsoft Visual Studio Solution File, Format Version 12.00
# Visual Studio 15
VisualStudioVersion = 15.0.28307.329
MinimumVisualStudioVersion = 10.0.40219.1
Project("{FAE04EC0-301F-11D3-BF4B-00C04F79EFBC}") = "ConsoleApp1-1", "ConsoleApp1-1\ConsoleApp1-1.csproj", "{218C71C3-C132-4EB1-BB94-321BC2452ABD}"
EndProject
Global
	GlobalSection(SolutionConfigurationPlatforms) = preSolution
		Debug|Any CPU = Debug|Any CPU
		Release|Any CPU = Release|Any CPU
	EndGlobalSection
	GlobalSection(ProjectConfigurationPlatforms) = postSolution
		{218C71C3-C132-4EB1-BB94-321BC2452ABD}.Debug|Any CPU.ActiveCfg = Debug|Any CPU
		{218C71C3-C132-4EB1-BB94-321BC2452ABD}.Debug|Any CPU.Build.0 = Debug|Any CPU
		{218C71C3-C132-4EB1-BB94-321BC2452ABD}.Release|Any CPU.ActiveCfg = Release|Any CPU
		{218C71C3-C132-4EB1-BB94-321BC2452ABD}.Release|Any CPU.Build.0 = Release|Any CPU
	EndGlobalSection
	GlobalSection(SolutionProperties) = preSolution
		HideSolutionNode = FALSE
	EndGlobalSection
	GlobalSection(ExtensibilityGlobals) = postSolution
		SolutionGuid = {73243B60-85AA-4F0F-9777-436677AD700E}
	EndGlobalSection
EndGlobal
